
Microsoft Visual Studio Solution File, Format Version 12.00
# Visual Studio Version 17
VisualStudioVersion = 17.11.35312.102
MinimumVisualStudioVersion = 10.0.40219.1
Project("{9A19103F-16F7-4668-BE54-9A1E7A4F7556}") = "CryptoPriceFetcherConsoleApp", "CryptoPriceFetcherConsoleApp\CryptoPriceFetcherConsoleApp.csproj", "{16F9DF93-1237-4A93-9AED-CEF522E9B1CF}"
EndProject
Project("{00D1A9C2-B5F0-4AF3-8072-F6C62B433612}") = "LabWorX", "LabWorX\LabWorX.sqlproj", "{F686B2DF-D6B5-4087-8BCB-DF4C51D0F936}"
EndProject
Project("{FAE04EC0-301F-11D3-BF4B-00C04F79EFBC}") = "CryptoPriceFetcher.Domain", "CryptoPriceFetcher.Domain\CryptoPriceFetcher.Domain.csproj", "{8F8EAB40-8C5C-44D0-9AD3-07EEE1983DC5}"
EndProject
Project("{FAE04EC0-301F-11D3-BF4B-00C04F79EFBC}") = "CryptoPriceFetcher.Application", "CryptoPriceFetcher.Application\CryptoPriceFetcher.Application.csproj", "{CAC0B2BF-9CB8-4F20-B6D2-EA77B301EA00}"
EndProject
Project("{FAE04EC0-301F-11D3-BF4B-00C04F79EFBC}") = "CryptoPriceFetcher.Infrastructure", "CryptoPriceFetcher.Infrastructure\CryptoPriceFetcher.Infrastructure.csproj", "{04132A02-3DE7-4C48-B0FA-FD0DD5DBEA8C}"
EndProject
Project("{2150E333-8FDC-42A3-9474-1A3956D46DE8}") = "1. Domain Layer", "1. Domain Layer", "{24BC16C2-7094-4359-A5EF-8C26E2BA10FB}"
EndProject
Project("{2150E333-8FDC-42A3-9474-1A3956D46DE8}") = "2. Application Layer", "2. Application Layer", "{C923A225-3BA7-45BF-A1BF-F1AE33FD2D58}"
EndProject
Project("{2150E333-8FDC-42A3-9474-1A3956D46DE8}") = "3. Infrastructure Layer", "3. Infrastructure Layer", "{8C88BFAB-5516-404E-BBCA-FEC478CBB07B}"
EndProject
Project("{2150E333-8FDC-42A3-9474-1A3956D46DE8}") = "4. Presentation Layer", "4. Presentation Layer", "{58C9AF97-A8BC-4A46-A73A-B238A96CBD4E}"
EndProject
Project("{2150E333-8FDC-42A3-9474-1A3956D46DE8}") = "9. Others", "9. Others", "{41F2FC23-A04A-4469-8B73-04F1C7A5022C}"
EndProject
Global
	GlobalSection(SolutionConfigurationPlatforms) = preSolution
		Debug|Any CPU = Debug|Any CPU
		Release|Any CPU = Release|Any CPU
	EndGlobalSection
	GlobalSection(ProjectConfigurationPlatforms) = postSolution
		{16F9DF93-1237-4A93-9AED-CEF522E9B1CF}.Debug|Any CPU.ActiveCfg = Debug|Any CPU
		{16F9DF93-1237-4A93-9AED-CEF522E9B1CF}.Debug|Any CPU.Build.0 = Debug|Any CPU
		{16F9DF93-1237-4A93-9AED-CEF522E9B1CF}.Release|Any CPU.ActiveCfg = Release|Any CPU
		{16F9DF93-1237-4A93-9AED-CEF522E9B1CF}.Release|Any CPU.Build.0 = Release|Any CPU
		{F686B2DF-D6B5-4087-8BCB-DF4C51D0F936}.Debug|Any CPU.ActiveCfg = Debug|Any CPU
		{F686B2DF-D6B5-4087-8BCB-DF4C51D0F936}.Debug|Any CPU.Build.0 = Debug|Any CPU
		{F686B2DF-D6B5-4087-8BCB-DF4C51D0F936}.Debug|Any CPU.Deploy.0 = Debug|Any CPU
		{F686B2DF-D6B5-4087-8BCB-DF4C51D0F936}.Release|Any CPU.ActiveCfg = Release|Any CPU
		{F686B2DF-D6B5-4087-8BCB-DF4C51D0F936}.Release|Any CPU.Build.0 = Release|Any CPU
		{F686B2DF-D6B5-4087-8BCB-DF4C51D0F936}.Release|Any CPU.Deploy.0 = Release|Any CPU
		{8F8EAB40-8C5C-44D0-9AD3-07EEE1983DC5}.Debug|Any CPU.ActiveCfg = Debug|Any CPU
		{8F8EAB40-8C5C-44D0-9AD3-07EEE1983DC5}.Debug|Any CPU.Build.0 = Debug|Any CPU
		{8F8EAB40-8C5C-44D0-9AD3-07EEE1983DC5}.Release|Any CPU.ActiveCfg = Release|Any CPU
		{8F8EAB40-8C5C-44D0-9AD3-07EEE1983DC5}.Release|Any CPU.Build.0 = Release|Any CPU
		{CAC0B2BF-9CB8-4F20-B6D2-EA77B301EA00}.Debug|Any CPU.ActiveCfg = Debug|Any CPU
		{CAC0B2BF-9CB8-4F20-B6D2-EA77B301EA00}.Debug|Any CPU.Build.0 = Debug|Any CPU
		{CAC0B2BF-9CB8-4F20-B6D2-EA77B301EA00}.Release|Any CPU.ActiveCfg = Release|Any CPU
		{CAC0B2BF-9CB8-4F20-B6D2-EA77B301EA00}.Release|Any CPU.Build.0 = Release|Any CPU
		{04132A02-3DE7-4C48-B0FA-FD0DD5DBEA8C}.Debug|Any CPU.ActiveCfg = Debug|Any CPU
		{04132A02-3DE7-4C48-B0FA-FD0DD5DBEA8C}.Debug|Any CPU.Build.0 = Debug|Any CPU
		{04132A02-3DE7-4C48-B0FA-FD0DD5DBEA8C}.Release|Any CPU.ActiveCfg = Release|Any CPU
		{04132A02-3DE7-4C48-B0FA-FD0DD5DBEA8C}.Release|Any CPU.Build.0 = Release|Any CPU
	EndGlobalSection
	GlobalSection(SolutionProperties) = preSolution
		HideSolutionNode = FALSE
	EndGlobalSection
	GlobalSection(NestedProjects) = preSolution
		{16F9DF93-1237-4A93-9AED-CEF522E9B1CF} = {58C9AF97-A8BC-4A46-A73A-B238A96CBD4E}
		{F686B2DF-D6B5-4087-8BCB-DF4C51D0F936} = {41F2FC23-A04A-4469-8B73-04F1C7A5022C}
		{8F8EAB40-8C5C-44D0-9AD3-07EEE1983DC5} = {24BC16C2-7094-4359-A5EF-8C26E2BA10FB}
		{CAC0B2BF-9CB8-4F20-B6D2-EA77B301EA00} = {C923A225-3BA7-45BF-A1BF-F1AE33FD2D58}
		{04132A02-3DE7-4C48-B0FA-FD0DD5DBEA8C} = {8C88BFAB-5516-404E-BBCA-FEC478CBB07B}
	EndGlobalSection
	GlobalSection(ExtensibilityGlobals) = postSolution
		SolutionGuid = {0765294C-B6EA-44D2-9138-2B12A5EE1253}
	EndGlobalSection
EndGlobal
