
Microsoft Visual Studio Solution File, Format Version 12.00
# Visual Studio Version 17
VisualStudioVersion = 17.11.35312.102
MinimumVisualStudioVersion = 10.0.40219.1
Project("{FAE04EC0-301F-11D3-BF4B-00C04F79EFBC}") = "CryptoPriceFetcherConsoleApp", "CryptoPriceFetcherConsoleApp\CryptoPriceFetcherConsoleApp.csproj", "{16F9DF93-1237-4A93-9AED-CEF522E9B1CF}"
EndProject
Project("{00D1A9C2-B5F0-4AF3-8072-F6C62B433612}") = "LabWorX", "LabWorX\LabWorX.sqlproj", "{F686B2DF-D6B5-4087-8BCB-DF4C51D0F936}"
EndProject
Global
	GlobalSection(SolutionConfigurationPlatforms) = preSolution
		Debug|Any CPU = Debug|Any CPU
		Release|Any CPU = Release|Any CPU
	EndGlobalSection
	GlobalSection(ProjectConfigurationPlatforms) = postSolution
		{16F9DF93-1237-4A93-9AED-CEF522E9B1CF}.Debug|Any CPU.ActiveCfg = Debug|Any CPU
		{16F9DF93-1237-4A93-9AED-CEF522E9B1CF}.Debug|Any CPU.Build.0 = Debug|Any CPU
		{16F9DF93-1237-4A93-9AED-CEF522E9B1CF}.Release|Any CPU.ActiveCfg = Release|Any CPU
		{16F9DF93-1237-4A93-9AED-CEF522E9B1CF}.Release|Any CPU.Build.0 = Release|Any CPU
		{F686B2DF-D6B5-4087-8BCB-DF4C51D0F936}.Debug|Any CPU.ActiveCfg = Debug|Any CPU
		{F686B2DF-D6B5-4087-8BCB-DF4C51D0F936}.Debug|Any CPU.Build.0 = Debug|Any CPU
		{F686B2DF-D6B5-4087-8BCB-DF4C51D0F936}.Debug|Any CPU.Deploy.0 = Debug|Any CPU
		{F686B2DF-D6B5-4087-8BCB-DF4C51D0F936}.Release|Any CPU.ActiveCfg = Release|Any CPU
		{F686B2DF-D6B5-4087-8BCB-DF4C51D0F936}.Release|Any CPU.Build.0 = Release|Any CPU
		{F686B2DF-D6B5-4087-8BCB-DF4C51D0F936}.Release|Any CPU.Deploy.0 = Release|Any CPU
	EndGlobalSection
	GlobalSection(SolutionProperties) = preSolution
		HideSolutionNode = FALSE
	EndGlobalSection
	GlobalSection(ExtensibilityGlobals) = postSolution
		SolutionGuid = {0765294C-B6EA-44D2-9138-2B12A5EE1253}
	EndGlobalSection
EndGlobal
